
Microsoft Visual Studio Solution File, Format Version 12.00
# Visual Studio Version 16
VisualStudioVersion = 16.0.30406.217
MinimumVisualStudioVersion = 10.0.40219.1
Project("{FAE04EC0-301F-11D3-BF4B-00C04F79EFBC}") = "BancoChiloe", "BancoChiloe\BancoChiloe.csproj", "{15A1F311-D85F-4E94-B01B-CC446E568EA6}"
EndProject
Project("{FAE04EC0-301F-11D3-BF4B-00C04F79EFBC}") = "API", "API\API.csproj", "{4A485128-C646-4ECB-B6E0-62B590398378}"
EndProject
Global
	GlobalSection(SolutionConfigurationPlatforms) = preSolution
		Debug|Any CPU = Debug|Any CPU
		Release|Any CPU = Release|Any CPU
	EndGlobalSection
	GlobalSection(ProjectConfigurationPlatforms) = postSolution
		{15A1F311-D85F-4E94-B01B-CC446E568EA6}.Debug|Any CPU.ActiveCfg = Debug|Any CPU
		{15A1F311-D85F-4E94-B01B-CC446E568EA6}.Debug|Any CPU.Build.0 = Debug|Any CPU
		{15A1F311-D85F-4E94-B01B-CC446E568EA6}.Release|Any CPU.ActiveCfg = Release|Any CPU
		{15A1F311-D85F-4E94-B01B-CC446E568EA6}.Release|Any CPU.Build.0 = Release|Any CPU
		{4A485128-C646-4ECB-B6E0-62B590398378}.Debug|Any CPU.ActiveCfg = Debug|Any CPU
		{4A485128-C646-4ECB-B6E0-62B590398378}.Debug|Any CPU.Build.0 = Debug|Any CPU
		{4A485128-C646-4ECB-B6E0-62B590398378}.Release|Any CPU.ActiveCfg = Release|Any CPU
		{4A485128-C646-4ECB-B6E0-62B590398378}.Release|Any CPU.Build.0 = Release|Any CPU
	EndGlobalSection
	GlobalSection(SolutionProperties) = preSolution
		HideSolutionNode = FALSE
	EndGlobalSection
	GlobalSection(ExtensibilityGlobals) = postSolution
		SolutionGuid = {B8CBAD86-645A-4B84-B11A-82F33A667B32}
	EndGlobalSection
EndGlobal
